
Microsoft Visual Studio Solution File, Format Version 12.00
# Visual Studio Version 16
VisualStudioVersion = 16.0.29306.81
MinimumVisualStudioVersion = 10.0.40219.1
Project("{FAE04EC0-301F-11D3-BF4B-00C04F79EFBC}") = "FeedBackCollection", "FeedBackCollection.csproj", "{2BDD23A4-CBD5-458D-A96D-5A36A0072EF7}"
EndProject
Global
	GlobalSection(SolutionConfigurationPlatforms) = preSolution
		Debug|Any CPU = Debug|Any CPU
		Release|Any CPU = Release|Any CPU
	EndGlobalSection
	GlobalSection(ProjectConfigurationPlatforms) = postSolution
		{2BDD23A4-CBD5-458D-A96D-5A36A0072EF7}.Debug|Any CPU.ActiveCfg = Debug|Any CPU
		{2BDD23A4-CBD5-458D-A96D-5A36A0072EF7}.Debug|Any CPU.Build.0 = Debug|Any CPU
		{2BDD23A4-CBD5-458D-A96D-5A36A0072EF7}.Release|Any CPU.ActiveCfg = Release|Any CPU
		{2BDD23A4-CBD5-458D-A96D-5A36A0072EF7}.Release|Any CPU.Build.0 = Release|Any CPU
	EndGlobalSection
	GlobalSection(SolutionProperties) = preSolution
		HideSolutionNode = FALSE
	EndGlobalSection
	GlobalSection(ExtensibilityGlobals) = postSolution
		SolutionGuid = {166882A8-A5AE-440A-B3CA-5FA3A39526C9}
	EndGlobalSection
EndGlobal
